
Microsoft Visual Studio Solution File, Format Version 12.00
Project("{FAE04EC0-301F-11D3-BF4B-00C04F79EFBC}") = "ContosoUniv", "ContosoUniv\ContosoUniv.csproj", "{F7305C21-689B-45FD-A9EB-49D1F7B8530C}"
EndProject
Global
	GlobalSection(SolutionConfigurationPlatforms) = preSolution
		Debug|Any CPU = Debug|Any CPU
		Release|Any CPU = Release|Any CPU
	EndGlobalSection
	GlobalSection(ProjectConfigurationPlatforms) = postSolution
		{F7305C21-689B-45FD-A9EB-49D1F7B8530C}.Debug|Any CPU.ActiveCfg = Debug|Any CPU
		{F7305C21-689B-45FD-A9EB-49D1F7B8530C}.Debug|Any CPU.Build.0 = Debug|Any CPU
		{F7305C21-689B-45FD-A9EB-49D1F7B8530C}.Release|Any CPU.ActiveCfg = Release|Any CPU
		{F7305C21-689B-45FD-A9EB-49D1F7B8530C}.Release|Any CPU.Build.0 = Release|Any CPU
	EndGlobalSection
EndGlobal
